
Microsoft Visual Studio Solution File, Format Version 12.00
# Visual Studio Version 17
VisualStudioVersion = 17.0.31710.8
MinimumVisualStudioVersion = 10.0.40219.1
Project("{9A19103F-16F7-4668-BE54-9A1E7A4F7556}") = "MpcNET", "MpcNET\MpcNET.csproj", "{8994C820-7BA9-4BB8-B9EA-C608B07C4A11}"
EndProject
Project("{9A19103F-16F7-4668-BE54-9A1E7A4F7556}") = "MpcNET.Test", "MpcNET.Test\MpcNET.Test.csproj", "{69F1D68F-9CD5-4EA6-9B47-2A7A9BF8CED9}"
EndProject
Global
	GlobalSection(SolutionConfigurationPlatforms) = preSolution
		Debug|Any CPU = Debug|Any CPU
		Debug|ARM = Debug|ARM
		Debug|ARM64 = Debug|ARM64
		Debug|iPhone = Debug|iPhone
		Debug|iPhoneSimulator = Debug|iPhoneSimulator
		Debug|x64 = Debug|x64
		Debug|x86 = Debug|x86
		Release|Any CPU = Release|Any CPU
		Release|ARM = Release|ARM
		Release|ARM64 = Release|ARM64
		Release|iPhone = Release|iPhone
		Release|iPhoneSimulator = Release|iPhoneSimulator
		Release|x64 = Release|x64
		Release|x86 = Release|x86
		Release-Stable|Any CPU = Release-Stable|Any CPU
		Release-Stable|ARM = Release-Stable|ARM
		Release-Stable|ARM64 = Release-Stable|ARM64
		Release-Stable|iPhone = Release-Stable|iPhone
		Release-Stable|iPhoneSimulator = Release-Stable|iPhoneSimulator
		Release-Stable|x64 = Release-Stable|x64
		Release-Stable|x86 = Release-Stable|x86
	EndGlobalSection
	GlobalSection(ProjectConfigurationPlatforms) = postSolution
		{8994C820-7BA9-4BB8-B9EA-C608B07C4A11}.Debug|Any CPU.ActiveCfg = Debug|Any CPU
		{8994C820-7BA9-4BB8-B9EA-C608B07C4A11}.Debug|Any CPU.Build.0 = Debug|Any CPU
		{8994C820-7BA9-4BB8-B9EA-C608B07C4A11}.Debug|ARM.ActiveCfg = Debug|Any CPU
		{8994C820-7BA9-4BB8-B9EA-C608B07C4A11}.Debug|ARM.Build.0 = Debug|Any CPU
		{8994C820-7BA9-4BB8-B9EA-C608B07C4A11}.Debug|ARM64.ActiveCfg = Debug|Any CPU
		{8994C820-7BA9-4BB8-B9EA-C608B07C4A11}.Debug|ARM64.Build.0 = Debug|Any CPU
		{8994C820-7BA9-4BB8-B9EA-C608B07C4A11}.Debug|iPhone.ActiveCfg = Debug|Any CPU
		{8994C820-7BA9-4BB8-B9EA-C608B07C4A11}.Debug|iPhone.Build.0 = Debug|Any CPU
		{8994C820-7BA9-4BB8-B9EA-C608B07C4A11}.Debug|iPhoneSimulator.ActiveCfg = Debug|Any CPU
		{8994C820-7BA9-4BB8-B9EA-C608B07C4A11}.Debug|iPhoneSimulator.Build.0 = Debug|Any CPU
		{8994C820-7BA9-4BB8-B9EA-C608B07C4A11}.Debug|x64.ActiveCfg = Debug|Any CPU
		{8994C820-7BA9-4BB8-B9EA-C608B07C4A11}.Debug|x64.Build.0 = Debug|Any CPU
		{8994C820-7BA9-4BB8-B9EA-C608B07C4A11}.Debug|x86.ActiveCfg = Debug|Any CPU
		{8994C820-7BA9-4BB8-B9EA-C608B07C4A11}.Debug|x86.Build.0 = Debug|Any CPU
		{8994C820-7BA9-4BB8-B9EA-C608B07C4A11}.Release|Any CPU.ActiveCfg = Release|Any CPU
		{8994C820-7BA9-4BB8-B9EA-C608B07C4A11}.Release|Any CPU.Build.0 = Release|Any CPU
		{8994C820-7BA9-4BB8-B9EA-C608B07C4A11}.Release|ARM.ActiveCfg = Release|Any CPU
		{8994C820-7BA9-4BB8-B9EA-C608B07C4A11}.Release|ARM.Build.0 = Release|Any CPU
		{8994C820-7BA9-4BB8-B9EA-C608B07C4A11}.Release|ARM64.ActiveCfg = Release|Any CPU
		{8994C820-7BA9-4BB8-B9EA-C608B07C4A11}.Release|ARM64.Build.0 = Release|Any CPU
		{8994C820-7BA9-4BB8-B9EA-C608B07C4A11}.Release|iPhone.ActiveCfg = Release|Any CPU
		{8994C820-7BA9-4BB8-B9EA-C608B07C4A11}.Release|iPhone.Build.0 = Release|Any CPU
		{8994C820-7BA9-4BB8-B9EA-C608B07C4A11}.Release|iPhoneSimulator.ActiveCfg = Release|Any CPU
		{8994C820-7BA9-4BB8-B9EA-C608B07C4A11}.Release|iPhoneSimulator.Build.0 = Release|Any CPU
		{8994C820-7BA9-4BB8-B9EA-C608B07C4A11}.Release|x64.ActiveCfg = Release|Any CPU
		{8994C820-7BA9-4BB8-B9EA-C608B07C4A11}.Release|x64.Build.0 = Release|Any CPU
		{8994C820-7BA9-4BB8-B9EA-C608B07C4A11}.Release|x86.ActiveCfg = Release|Any CPU
		{8994C820-7BA9-4BB8-B9EA-C608B07C4A11}.Release|x86.Build.0 = Release|Any CPU
		{8994C820-7BA9-4BB8-B9EA-C608B07C4A11}.Release-Stable|Any CPU.ActiveCfg = Release-Stable|Any CPU
		{8994C820-7BA9-4BB8-B9EA-C608B07C4A11}.Release-Stable|Any CPU.Build.0 = Release-Stable|Any CPU
		{8994C820-7BA9-4BB8-B9EA-C608B07C4A11}.Release-Stable|ARM.ActiveCfg = Release-Stable|Any CPU
		{8994C820-7BA9-4BB8-B9EA-C608B07C4A11}.Release-Stable|ARM.Build.0 = Release-Stable|Any CPU
		{8994C820-7BA9-4BB8-B9EA-C608B07C4A11}.Release-Stable|ARM64.ActiveCfg = Release-Stable|Any CPU
		{8994C820-7BA9-4BB8-B9EA-C608B07C4A11}.Release-Stable|ARM64.Build.0 = Release-Stable|Any CPU
		{8994C820-7BA9-4BB8-B9EA-C608B07C4A11}.Release-Stable|iPhone.ActiveCfg = Release-Stable|Any CPU
		{8994C820-7BA9-4BB8-B9EA-C608B07C4A11}.Release-Stable|iPhone.Build.0 = Release-Stable|Any CPU
		{8994C820-7BA9-4BB8-B9EA-C608B07C4A11}.Release-Stable|iPhoneSimulator.ActiveCfg = Release-Stable|Any CPU
		{8994C820-7BA9-4BB8-B9EA-C608B07C4A11}.Release-Stable|iPhoneSimulator.Build.0 = Release-Stable|Any CPU
		{8994C820-7BA9-4BB8-B9EA-C608B07C4A11}.Release-Stable|x64.ActiveCfg = Release-Stable|Any CPU
		{8994C820-7BA9-4BB8-B9EA-C608B07C4A11}.Release-Stable|x64.Build.0 = Release-Stable|Any CPU
		{8994C820-7BA9-4BB8-B9EA-C608B07C4A11}.Release-Stable|x86.ActiveCfg = Release-Stable|Any CPU
		{8994C820-7BA9-4BB8-B9EA-C608B07C4A11}.Release-Stable|x86.Build.0 = Release-Stable|Any CPU
		{69F1D68F-9CD5-4EA6-9B47-2A7A9BF8CED9}.Debug|Any CPU.ActiveCfg = Debug|Any CPU
		{69F1D68F-9CD5-4EA6-9B47-2A7A9BF8CED9}.Debug|Any CPU.Build.0 = Debug|Any CPU
		{69F1D68F-9CD5-4EA6-9B47-2A7A9BF8CED9}.Debug|ARM.ActiveCfg = Debug|Any CPU
		{69F1D68F-9CD5-4EA6-9B47-2A7A9BF8CED9}.Debug|ARM.Build.0 = Debug|Any CPU
		{69F1D68F-9CD5-4EA6-9B47-2A7A9BF8CED9}.Debug|ARM64.ActiveCfg = Debug|Any CPU
		{69F1D68F-9CD5-4EA6-9B47-2A7A9BF8CED9}.Debug|ARM64.Build.0 = Debug|Any CPU
		{69F1D68F-9CD5-4EA6-9B47-2A7A9BF8CED9}.Debug|iPhone.ActiveCfg = Debug|Any CPU
		{69F1D68F-9CD5-4EA6-9B47-2A7A9BF8CED9}.Debug|iPhone.Build.0 = Debug|Any CPU
		{69F1D68F-9CD5-4EA6-9B47-2A7A9BF8CED9}.Debug|iPhoneSimulator.ActiveCfg = Debug|Any CPU
		{69F1D68F-9CD5-4EA6-9B47-2A7A9BF8CED9}.Debug|iPhoneSimulator.Build.0 = Debug|Any CPU
		{69F1D68F-9CD5-4EA6-9B47-2A7A9BF8CED9}.Debug|x64.ActiveCfg = Debug|Any CPU
		{69F1D68F-9CD5-4EA6-9B47-2A7A9BF8CED9}.Debug|x64.Build.0 = Debug|Any CPU
		{69F1D68F-9CD5-4EA6-9B47-2A7A9BF8CED9}.Debug|x86.ActiveCfg = Debug|Any CPU
		{69F1D68F-9CD5-4EA6-9B47-2A7A9BF8CED9}.Debug|x86.Build.0 = Debug|Any CPU
		{69F1D68F-9CD5-4EA6-9B47-2A7A9BF8CED9}.Release|Any CPU.ActiveCfg = Release|Any CPU
		{69F1D68F-9CD5-4EA6-9B47-2A7A9BF8CED9}.Release|Any CPU.Build.0 = Release|Any CPU
		{69F1D68F-9CD5-4EA6-9B47-2A7A9BF8CED9}.Release|ARM.ActiveCfg = Release|Any CPU
		{69F1D68F-9CD5-4EA6-9B47-2A7A9BF8CED9}.Release|ARM.Build.0 = Release|Any CPU
		{69F1D68F-9CD5-4EA6-9B47-2A7A9BF8CED9}.Release|ARM64.ActiveCfg = Release|Any CPU
		{69F1D68F-9CD5-4EA6-9B47-2A7A9BF8CED9}.Release|ARM64.Build.0 = Release|Any CPU
		{69F1D68F-9CD5-4EA6-9B47-2A7A9BF8CED9}.Release|iPhone.ActiveCfg = Release|Any CPU
		{69F1D68F-9CD5-4EA6-9B47-2A7A9BF8CED9}.Release|iPhone.Build.0 = Release|Any CPU
		{69F1D68F-9CD5-4EA6-9B47-2A7A9BF8CED9}.Release|iPhoneSimulator.ActiveCfg = Release|Any CPU
		{69F1D68F-9CD5-4EA6-9B47-2A7A9BF8CED9}.Release|iPhoneSimulator.Build.0 = Release|Any CPU
		{69F1D68F-9CD5-4EA6-9B47-2A7A9BF8CED9}.Release|x64.ActiveCfg = Release|Any CPU
		{69F1D68F-9CD5-4EA6-9B47-2A7A9BF8CED9}.Release|x64.Build.0 = Release|Any CPU
		{69F1D68F-9CD5-4EA6-9B47-2A7A9BF8CED9}.Release|x86.ActiveCfg = Release|Any CPU
		{69F1D68F-9CD5-4EA6-9B47-2A7A9BF8CED9}.Release|x86.Build.0 = Release|Any CPU
		{69F1D68F-9CD5-4EA6-9B47-2A7A9BF8CED9}.Release-Stable|Any CPU.ActiveCfg = Release|Any CPU
		{69F1D68F-9CD5-4EA6-9B47-2A7A9BF8CED9}.Release-Stable|Any CPU.Build.0 = Release|Any CPU
		{69F1D68F-9CD5-4EA6-9B47-2A7A9BF8CED9}.Release-Stable|ARM.ActiveCfg = Release|Any CPU
		{69F1D68F-9CD5-4EA6-9B47-2A7A9BF8CED9}.Release-Stable|ARM.Build.0 = Release|Any CPU
		{69F1D68F-9CD5-4EA6-9B47-2A7A9BF8CED9}.Release-Stable|ARM64.ActiveCfg = Release|Any CPU
		{69F1D68F-9CD5-4EA6-9B47-2A7A9BF8CED9}.Release-Stable|ARM64.Build.0 = Release|Any CPU
		{69F1D68F-9CD5-4EA6-9B47-2A7A9BF8CED9}.Release-Stable|iPhone.ActiveCfg = Release|Any CPU
		{69F1D68F-9CD5-4EA6-9B47-2A7A9BF8CED9}.Release-Stable|iPhone.Build.0 = Release|Any CPU
		{69F1D68F-9CD5-4EA6-9B47-2A7A9BF8CED9}.Release-Stable|iPhoneSimulator.ActiveCfg = Release|Any CPU
		{69F1D68F-9CD5-4EA6-9B47-2A7A9BF8CED9}.Release-Stable|iPhoneSimulator.Build.0 = Release|Any CPU
		{69F1D68F-9CD5-4EA6-9B47-2A7A9BF8CED9}.Release-Stable|x64.ActiveCfg = Release|Any CPU
		{69F1D68F-9CD5-4EA6-9B47-2A7A9BF8CED9}.Release-Stable|x64.Build.0 = Release|Any CPU
		{69F1D68F-9CD5-4EA6-9B47-2A7A9BF8CED9}.Release-Stable|x86.ActiveCfg = Release|Any CPU
		{69F1D68F-9CD5-4EA6-9B47-2A7A9BF8CED9}.Release-Stable|x86.Build.0 = Release|Any CPU
	EndGlobalSection
	GlobalSection(SolutionProperties) = preSolution
		HideSolutionNode = FALSE
	EndGlobalSection
	GlobalSection(ExtensibilityGlobals) = postSolution
		SolutionGuid = {9A76437C-2C8E-404A-82A0-18F64D43CC8E}
	EndGlobalSection
EndGlobal
